{
  "name": "@luooooob/languages-benchmark",
  "version": "1.0.1",
  "lockfileVersion": 2,
  "requires": true,
  "packages": {
    "": {
      "name": "@luooooob/languages-benchmark",
      "version": "1.0.1",
      "license": "MIT",
      "bin": {
        "languages-douchong": "benchmark.js"
      }
    }
  }
}
